
Microsoft Visual Studio Solution File, Format Version 12.00
Project("{FAE04EC0-301F-11D3-BF4B-00C04F79EFBC}") = "Server", "src\WebCore\Server\Server.csproj", "{7DE87C5D-FC7E-4453-BCCC-E9FB0409EF51}"
EndProject
Project("{FAE04EC0-301F-11D3-BF4B-00C04F79EFBC}") = "Domain", "src\Core\Domain\Domain.csproj", "{C0206561-CEA7-491A-A239-77B4F6FC2E42}"
EndProject
Project("{FAE04EC0-301F-11D3-BF4B-00C04F79EFBC}") = "Business", "src\Core\Business\Business.csproj", "{C28FD25E-5D92-4F64-9294-DE823B5746FE}"
EndProject
Project("{FAE04EC0-301F-11D3-BF4B-00C04F79EFBC}") = "Infrastructure", "src\Core\Infrastructure\Infrastructure.csproj", "{53DD86EE-0B6A-4DFF-A2D8-F7E5A6B46A80}"
EndProject
Project("{2150E333-8FDC-42A3-9474-1A3956D46DE8}") = "src", "src", "{1AC9129A-0A06-498F-A315-86822081B341}"
EndProject
Project("{2150E333-8FDC-42A3-9474-1A3956D46DE8}") = "Core", "Core", "{4C56D6FD-DFDA-4DAD-BD11-80DFCD70588E}"
EndProject
Project("{2150E333-8FDC-42A3-9474-1A3956D46DE8}") = "WebCore", "WebCore", "{468F0712-8AEA-48B5-A6C0-C5537D60A26B}"
EndProject
Global
	GlobalSection(SolutionConfigurationPlatforms) = preSolution
		Debug|Any CPU = Debug|Any CPU
		Release|Any CPU = Release|Any CPU
	EndGlobalSection
	GlobalSection(ProjectConfigurationPlatforms) = postSolution
		{7DE87C5D-FC7E-4453-BCCC-E9FB0409EF51}.Debug|Any CPU.ActiveCfg = Debug|Any CPU
		{7DE87C5D-FC7E-4453-BCCC-E9FB0409EF51}.Debug|Any CPU.Build.0 = Debug|Any CPU
		{7DE87C5D-FC7E-4453-BCCC-E9FB0409EF51}.Release|Any CPU.ActiveCfg = Release|Any CPU
		{7DE87C5D-FC7E-4453-BCCC-E9FB0409EF51}.Release|Any CPU.Build.0 = Release|Any CPU
		{C0206561-CEA7-491A-A239-77B4F6FC2E42}.Debug|Any CPU.ActiveCfg = Debug|Any CPU
		{C0206561-CEA7-491A-A239-77B4F6FC2E42}.Debug|Any CPU.Build.0 = Debug|Any CPU
		{C0206561-CEA7-491A-A239-77B4F6FC2E42}.Release|Any CPU.ActiveCfg = Release|Any CPU
		{C0206561-CEA7-491A-A239-77B4F6FC2E42}.Release|Any CPU.Build.0 = Release|Any CPU
		{C28FD25E-5D92-4F64-9294-DE823B5746FE}.Debug|Any CPU.ActiveCfg = Debug|Any CPU
		{C28FD25E-5D92-4F64-9294-DE823B5746FE}.Debug|Any CPU.Build.0 = Debug|Any CPU
		{C28FD25E-5D92-4F64-9294-DE823B5746FE}.Release|Any CPU.ActiveCfg = Release|Any CPU
		{C28FD25E-5D92-4F64-9294-DE823B5746FE}.Release|Any CPU.Build.0 = Release|Any CPU
		{53DD86EE-0B6A-4DFF-A2D8-F7E5A6B46A80}.Debug|Any CPU.ActiveCfg = Debug|Any CPU
		{53DD86EE-0B6A-4DFF-A2D8-F7E5A6B46A80}.Debug|Any CPU.Build.0 = Debug|Any CPU
		{53DD86EE-0B6A-4DFF-A2D8-F7E5A6B46A80}.Release|Any CPU.ActiveCfg = Release|Any CPU
		{53DD86EE-0B6A-4DFF-A2D8-F7E5A6B46A80}.Release|Any CPU.Build.0 = Release|Any CPU
	EndGlobalSection
	GlobalSection(NestedProjects) = preSolution
		{4C56D6FD-DFDA-4DAD-BD11-80DFCD70588E} = {1AC9129A-0A06-498F-A315-86822081B341}
		{468F0712-8AEA-48B5-A6C0-C5537D60A26B} = {1AC9129A-0A06-498F-A315-86822081B341}
		{7DE87C5D-FC7E-4453-BCCC-E9FB0409EF51} = {468F0712-8AEA-48B5-A6C0-C5537D60A26B}
		{C28FD25E-5D92-4F64-9294-DE823B5746FE} = {4C56D6FD-DFDA-4DAD-BD11-80DFCD70588E}
		{C0206561-CEA7-491A-A239-77B4F6FC2E42} = {4C56D6FD-DFDA-4DAD-BD11-80DFCD70588E}
		{53DD86EE-0B6A-4DFF-A2D8-F7E5A6B46A80} = {4C56D6FD-DFDA-4DAD-BD11-80DFCD70588E}
	EndGlobalSection
EndGlobal
